
Microsoft Visual Studio Solution File, Format Version 12.00
# Visual Studio Version 16
VisualStudioVersion = 16.0.31129.286
MinimumVisualStudioVersion = 10.0.40219.1
Project("{FAE04EC0-301F-11D3-BF4B-00C04F79EFBC}") = "FreeGameDatabasePrototype", "WcfServiceLibrary2022\FreeGameDatabasePrototype.csproj", "{634B73E4-71FD-4729-8A4A-D7B0202CE3B9}"
EndProject
Project("{FAE04EC0-301F-11D3-BF4B-00C04F79EFBC}") = "ApplicationService", "ApplicationService\ApplicationService.csproj", "{AE284BF5-9F43-40C0-8D14-2B03CBBFA02E}"
EndProject
Project("{FAE04EC0-301F-11D3-BF4B-00C04F79EFBC}") = "Data", "Data\Data.csproj", "{E76F63B0-68DB-4E8C-BEBD-D48C3847D78F}"
EndProject
Project("{2150E333-8FDC-42A3-9474-1A3956D46DE8}") = "Core", "Core", "{FA1EAE71-E843-49D8-AC5E-3AA4D4F316B9}"
EndProject
Project("{2150E333-8FDC-42A3-9474-1A3956D46DE8}") = "Presentation", "Presentation", "{0916748E-BAB1-49C4-96E6-F4253FEBE628}"
EndProject
Project("{FAE04EC0-301F-11D3-BF4B-00C04F79EFBC}") = "Repository", "Repository\Repository.csproj", "{3D27D5BF-FFEE-4ABB-98E9-63DCA19F5C40}"
EndProject
Project("{FAE04EC0-301F-11D3-BF4B-00C04F79EFBC}") = "WebAPI", "WebAPI\WebAPI.csproj", "{C0F5A566-7465-4C56-8C08-E55552A22031}"
EndProject
Project("{FAE04EC0-301F-11D3-BF4B-00C04F79EFBC}") = "MVC", "MVC\MVC.csproj", "{6784F351-F9A0-4039-9AE2-6522563C5EDD}"
	ProjectSection(ProjectDependencies) = postProject
		{634B73E4-71FD-4729-8A4A-D7B0202CE3B9} = {634B73E4-71FD-4729-8A4A-D7B0202CE3B9}
	EndProjectSection
EndProject
Global
	GlobalSection(SolutionConfigurationPlatforms) = preSolution
		Debug|Any CPU = Debug|Any CPU
		Release|Any CPU = Release|Any CPU
	EndGlobalSection
	GlobalSection(ProjectConfigurationPlatforms) = postSolution
		{634B73E4-71FD-4729-8A4A-D7B0202CE3B9}.Debug|Any CPU.ActiveCfg = Debug|Any CPU
		{634B73E4-71FD-4729-8A4A-D7B0202CE3B9}.Debug|Any CPU.Build.0 = Debug|Any CPU
		{634B73E4-71FD-4729-8A4A-D7B0202CE3B9}.Release|Any CPU.ActiveCfg = Release|Any CPU
		{634B73E4-71FD-4729-8A4A-D7B0202CE3B9}.Release|Any CPU.Build.0 = Release|Any CPU
		{AE284BF5-9F43-40C0-8D14-2B03CBBFA02E}.Debug|Any CPU.ActiveCfg = Debug|Any CPU
		{AE284BF5-9F43-40C0-8D14-2B03CBBFA02E}.Debug|Any CPU.Build.0 = Debug|Any CPU
		{AE284BF5-9F43-40C0-8D14-2B03CBBFA02E}.Release|Any CPU.ActiveCfg = Release|Any CPU
		{AE284BF5-9F43-40C0-8D14-2B03CBBFA02E}.Release|Any CPU.Build.0 = Release|Any CPU
		{E76F63B0-68DB-4E8C-BEBD-D48C3847D78F}.Debug|Any CPU.ActiveCfg = Debug|Any CPU
		{E76F63B0-68DB-4E8C-BEBD-D48C3847D78F}.Debug|Any CPU.Build.0 = Debug|Any CPU
		{E76F63B0-68DB-4E8C-BEBD-D48C3847D78F}.Release|Any CPU.ActiveCfg = Release|Any CPU
		{E76F63B0-68DB-4E8C-BEBD-D48C3847D78F}.Release|Any CPU.Build.0 = Release|Any CPU
		{3D27D5BF-FFEE-4ABB-98E9-63DCA19F5C40}.Debug|Any CPU.ActiveCfg = Debug|Any CPU
		{3D27D5BF-FFEE-4ABB-98E9-63DCA19F5C40}.Debug|Any CPU.Build.0 = Debug|Any CPU
		{3D27D5BF-FFEE-4ABB-98E9-63DCA19F5C40}.Release|Any CPU.ActiveCfg = Release|Any CPU
		{3D27D5BF-FFEE-4ABB-98E9-63DCA19F5C40}.Release|Any CPU.Build.0 = Release|Any CPU
		{C0F5A566-7465-4C56-8C08-E55552A22031}.Debug|Any CPU.ActiveCfg = Debug|Any CPU
		{C0F5A566-7465-4C56-8C08-E55552A22031}.Debug|Any CPU.Build.0 = Debug|Any CPU
		{C0F5A566-7465-4C56-8C08-E55552A22031}.Release|Any CPU.ActiveCfg = Release|Any CPU
		{C0F5A566-7465-4C56-8C08-E55552A22031}.Release|Any CPU.Build.0 = Release|Any CPU
		{6784F351-F9A0-4039-9AE2-6522563C5EDD}.Debug|Any CPU.ActiveCfg = Debug|Any CPU
		{6784F351-F9A0-4039-9AE2-6522563C5EDD}.Debug|Any CPU.Build.0 = Debug|Any CPU
		{6784F351-F9A0-4039-9AE2-6522563C5EDD}.Release|Any CPU.ActiveCfg = Release|Any CPU
		{6784F351-F9A0-4039-9AE2-6522563C5EDD}.Release|Any CPU.Build.0 = Release|Any CPU
	EndGlobalSection
	GlobalSection(SolutionProperties) = preSolution
		HideSolutionNode = FALSE
	EndGlobalSection
	GlobalSection(NestedProjects) = preSolution
		{634B73E4-71FD-4729-8A4A-D7B0202CE3B9} = {0916748E-BAB1-49C4-96E6-F4253FEBE628}
		{AE284BF5-9F43-40C0-8D14-2B03CBBFA02E} = {FA1EAE71-E843-49D8-AC5E-3AA4D4F316B9}
		{E76F63B0-68DB-4E8C-BEBD-D48C3847D78F} = {FA1EAE71-E843-49D8-AC5E-3AA4D4F316B9}
		{3D27D5BF-FFEE-4ABB-98E9-63DCA19F5C40} = {FA1EAE71-E843-49D8-AC5E-3AA4D4F316B9}
		{C0F5A566-7465-4C56-8C08-E55552A22031} = {0916748E-BAB1-49C4-96E6-F4253FEBE628}
		{6784F351-F9A0-4039-9AE2-6522563C5EDD} = {0916748E-BAB1-49C4-96E6-F4253FEBE628}
	EndGlobalSection
	GlobalSection(ExtensibilityGlobals) = postSolution
		SolutionGuid = {72DC0188-A4C9-48AE-8DD7-FE24467051ED}
	EndGlobalSection
EndGlobal
